{
    "_readme": [
        "This file locks the dependencies of your project to a known state",
        "Read more about it at http://getcomposer.org/doc/01-basic-usage.md#composer-lock-the-lock-file"
    ],
    "hash": "0eb403066d4ef668c6122535f7cf0a54",
    "packages": [
        {
            "name": "crisu83/yii-composer",
            "version": "1.1.0",
            "source": {
                "type": "git",
                "url": "https://github.com/Crisu83/yii-composer.git",
                "reference": "848a5b5fd3419ebd504d40d25d9c659411383ae1"
            },
            "dist": {
                "type": "zip",
                "url": "https://api.github.com/repos/Crisu83/yii-composer/zipball/848a5b5fd3419ebd504d40d25d9c659411383ae1",
                "reference": "848a5b5fd3419ebd504d40d25d9c659411383ae1",
                "shasum": ""
            },
            "type": "library",
            "autoload": {
                "psr-4": {
                    "Crisu83\\YiiComposer\\": ""
                }
            },
            "notification-url": "https://packagist.org/downloads/",
            "license": [
                "BSD-3-Clause"
            ],
            "authors": [
                {
                    "name": "Christoffer Niska",
                    "email": "christoffer.niska@gmail.com",
                    "homepage": "http://crisu83.me/"
                }
            ],
            "description": "Composer callbacks for the Yii PHP framework.",
            "keywords": [
                "composer",
                "yii"
            ],
            "time": "2014-03-10 16:57:52"
        },
        {
            "name": "crisu83/yii-consoletools",
            "version": "1.0.1",
            "source": {
                "type": "git",
                "url": "https://github.com/Crisu83/yii-consoletools.git",
                "reference": "c4e3ddcea2fafe679f9c78ad8f360257364ba843"
            },
            "dist": {
                "type": "zip",
                "url": "https://api.github.com/repos/Crisu83/yii-consoletools/zipball/c4e3ddcea2fafe679f9c78ad8f360257364ba843",
                "reference": "c4e3ddcea2fafe679f9c78ad8f360257364ba843",
                "shasum": ""
            },
            "type": "library",
            "notification-url": "https://packagist.org/downloads/",
            "license": [
                "BSD-3-Clause"
            ],
            "authors": [
                {
                    "name": "Christoffer Niska",
                    "email": "christoffer.niska@gmail.com",
                    "homepage": "http://www.cniska.net/"
                }
            ],
            "description": "A collection of tools for developing console commands for Yii.",
            "keywords": [
                "console",
                "tools",
                "yii"
            ],
            "time": "2014-02-12 09:45:17"
        },
        {
            "name": "crisu83/yiistrap",
            "version": "1.2.3",
            "source": {
                "type": "git",
                "url": "https://github.com/Crisu83/yiistrap.git",
                "reference": "5ce7e8cf563b8f7e1de08eda7e28a93dd7abd27b"
            },
            "dist": {
                "type": "zip",
                "url": "https://api.github.com/repos/Crisu83/yiistrap/zipball/5ce7e8cf563b8f7e1de08eda7e28a93dd7abd27b",
                "reference": "5ce7e8cf563b8f7e1de08eda7e28a93dd7abd27b",
                "shasum": ""
            },
            "require-dev": {
                "codeception/codeception": "@stable",
                "crisu83/yii-composer": ">=1.0.0",
                "php": ">=5.3.0",
                "yiisoft/yii": ">=1.1.13"
            },
            "type": "library",
            "extra": {
                "yii-install-writable": [
                    "tests/_log"
                ]
            },
            "notification-url": "https://packagist.org/downloads/",
            "license": [
                "BSD-3-Clause"
            ],
            "authors": [
                {
                    "name": "Christoffer Niska",
                    "email": "christoffer.niska@gmail.com",
                    "homepage": "http://www.cniska.net/"
                },
                {
                    "name": "Antonio Ramirez",
                    "email": "ramirez.cobos@gmail.com",
                    "homepage": "http://www.ramirezcobos.com/"
                }
            ],
            "description": "Twitter Bootstrap for the Yii PHP framework.",
            "keywords": [
                "bootstrap",
                "yii"
            ],
            "time": "2014-01-30 00:40:56"
        },
        {
            "name": "phpnode/yiipassword",
            "version": "dev-master",
            "source": {
                "type": "git",
                "url": "https://github.com/phpnode/YiiPassword.git",
                "reference": "6947574bd2bd6ab9c1d6344b55ec7ae88158e30c"
            },
            "dist": {
                "type": "zip",
                "url": "https://api.github.com/repos/phpnode/YiiPassword/zipball/6947574bd2bd6ab9c1d6344b55ec7ae88158e30c",
                "reference": "6947574bd2bd6ab9c1d6344b55ec7ae88158e30c",
                "shasum": ""
            },
            "type": "yii-extension",
            "autoload": {
                "classmap": [
                    "ABcryptPasswordStrategy.php",
                    "AHashPasswordStrategy.php",
                    "ALegacyMd5PasswordStrategy.php",
                    "ALegacySha1PasswordStrategy.php",
                    "APasswordStrategy.php",
                    "APasswordBehavior.php"
                ]
            },
            "notification-url": "https://packagist.org/downloads/",
            "license": [
                "BSD-3-Clause"
            ],
            "authors": [
                {
                    "name": "Charles Pick",
                    "email": "charles.pick@gmail.com",
                    "homepage": "http://github.com/phpnode",
                    "role": "Base version developer"
                }
            ],
            "description": "Password strategies for the Yii PHP framework.",
            "keywords": [
                "bcrypt",
                "password"
            ],
            "time": "2013-04-26 09:55:59"
        },
        {
            "name": "yiisoft/yii",
            "version": "dev-master",
            "source": {
                "type": "git",
                "url": "https://github.com/yiisoft/yii.git",
                "reference": "45696571f92ce4e7317106e06c752bea53fe6ebd"
            },
            "dist": {
                "type": "zip",
                "url": "https://api.github.com/repos/yiisoft/yii/zipball/45696571f92ce4e7317106e06c752bea53fe6ebd",
                "reference": "45696571f92ce4e7317106e06c752bea53fe6ebd",
                "shasum": ""
            },
            "require": {
                "php": ">=5.1.0"
            },
            "bin": [
                "framework/yiic"
            ],
            "type": "library",
            "notification-url": "https://packagist.org/downloads/",
            "license": [
                "BSD-3-Clause"
            ],
            "authors": [
                {
                    "name": "Qiang Xue",
                    "email": "qiang.xue@gmail.com",
                    "homepage": "http://www.yiiframework.com/",
                    "role": "Founder and project lead"
                },
                {
                    "name": "Alexander Makarov",
                    "email": "sam@rmcreative.ru",
                    "homepage": "http://rmcreative.ru/",
                    "role": "Core framework development"
                },
                {
                    "name": "Maurizio Domba",
                    "homepage": "http://mdomba.info/",
                    "role": "Core framework development"
                },
                {
                    "name": "Carsten Brandt",
                    "email": "mail@cebe.cc",
                    "homepage": "http://cebe.cc/",
                    "role": "Core framework development"
                },
                {
                    "name": "Wei Zhuo",
                    "email": "weizhuo@gmail.com",
                    "role": "Project site maintenance and development"
                },
                {
                    "name": "Sebastián Thierer",
                    "email": "sebas@artfos.com",
                    "role": "Component development"
                },
                {
                    "name": "Jeffrey Winesett",
                    "email": "jefftulsa@gmail.com",
                    "role": "Documentation and marketing"
                },
                {
                    "name": "Timur Ruziev",
                    "email": "resurtm@gmail.com",
                    "homepage": "http://resurtm.com/",
                    "role": "Core framework development"
                },
                {
                    "name": "Paul Klimov",
                    "email": "klimov.paul@gmail.com",
                    "role": "Core framework development"
                }
            ],
            "description": "Yii Web Programming Framework",
            "homepage": "http://www.yiiframework.com/",
            "keywords": [
                "framework",
                "yii"
            ],
            "time": "2014-03-09 02:56:57"
        }
    ],
    "packages-dev": [
        {
            "name": "malyshev/yii-debug-toolbar",
            "version": "dev-master",
            "source": {
                "type": "git",
                "url": "https://github.com/malyshev/yii-debug-toolbar.git",
                "reference": "3cb6ba29487e51c661eef098a29fa8c1195706da"
            },
            "dist": {
                "type": "zip",
                "url": "https://api.github.com/repos/malyshev/yii-debug-toolbar/zipball/3cb6ba29487e51c661eef098a29fa8c1195706da",
                "reference": "3cb6ba29487e51c661eef098a29fa8c1195706da",
                "shasum": ""
            },
            "type": "library",
            "notification-url": "https://packagist.org/downloads/",
            "license": [
                "BSD-3-Clause"
            ],
            "authors": [
                {
                    "name": "Sergey Malyshev",
                    "email": "malyshev.php@gmail.com",
                    "homepage": "http://www.yiiframework.com/extension/yii-debug-toolbar/"
                }
            ],
            "description": "A configurable set of panels that display various debug information about the current request/response.",
            "keywords": [
                "debug",
                "extension",
                "yii"
            ],
            "time": "2013-12-11 15:02:26"
        }
    ],
    "aliases": [

    ],
    "minimum-stability": "dev",
    "stability-flags": {
        "phpnode/yiipassword": 20,
        "malyshev/yii-debug-toolbar": 20
    },
    "platform": [

    ],
    "platform-dev": [

    ]
}
